
Microsoft Visual Studio Solution File, Format Version 12.00
Project("{FAE04EC0-301F-11D3-BF4B-00C04F79EFBC}") = "IdentityServer.Web", "IdentityServer.Web\IdentityServer.Web.csproj", "{EFB6A565-4C81-437A-B1D2-969658342470}"
EndProject
Project("{FAE04EC0-301F-11D3-BF4B-00C04F79EFBC}") = "IdentityServer", "IdentityServer\IdentityServer.csproj", "{F7F2108D-6E0C-4C46-871B-DD870DB97BED}"
EndProject
Project("{2150E333-8FDC-42A3-9474-1A3956D46DE8}") = "docker-compose", "docker-compose", "{1E4F0A56-9AFA-409A-8B71-8B0146AAD0D4}"
ProjectSection(SolutionItems) = preProject
	docker-compose-db.yaml = docker-compose-db.yaml
EndProjectSection
EndProject
Project("{FAE04EC0-301F-11D3-BF4B-00C04F79EFBC}") = "Identity", "Identity\Identity.csproj", "{BA1CDF0A-CDC7-4465-A1BF-D362739F2E8C}"
EndProject
Project("{2150E333-8FDC-42A3-9474-1A3956D46DE8}") = "Identity", "Identity", "{57016F4A-5225-4255-A940-04079752B441}"
EndProject
Project("{FAE04EC0-301F-11D3-BF4B-00C04F79EFBC}") = "Identity.Unit.Tests", "Identity.Unit.Tests\Identity.Unit.Tests.csproj", "{A975D476-3B33-41BC-8243-1AFEDB9C4B5E}"
EndProject
Global
	GlobalSection(SolutionConfigurationPlatforms) = preSolution
		Debug|Any CPU = Debug|Any CPU
		Release|Any CPU = Release|Any CPU
	EndGlobalSection
	GlobalSection(ProjectConfigurationPlatforms) = postSolution
		{EFB6A565-4C81-437A-B1D2-969658342470}.Debug|Any CPU.ActiveCfg = Debug|Any CPU
		{EFB6A565-4C81-437A-B1D2-969658342470}.Debug|Any CPU.Build.0 = Debug|Any CPU
		{EFB6A565-4C81-437A-B1D2-969658342470}.Release|Any CPU.ActiveCfg = Release|Any CPU
		{EFB6A565-4C81-437A-B1D2-969658342470}.Release|Any CPU.Build.0 = Release|Any CPU
		{F7F2108D-6E0C-4C46-871B-DD870DB97BED}.Debug|Any CPU.ActiveCfg = Debug|Any CPU
		{F7F2108D-6E0C-4C46-871B-DD870DB97BED}.Debug|Any CPU.Build.0 = Debug|Any CPU
		{F7F2108D-6E0C-4C46-871B-DD870DB97BED}.Release|Any CPU.ActiveCfg = Release|Any CPU
		{F7F2108D-6E0C-4C46-871B-DD870DB97BED}.Release|Any CPU.Build.0 = Release|Any CPU
		{BA1CDF0A-CDC7-4465-A1BF-D362739F2E8C}.Debug|Any CPU.ActiveCfg = Debug|Any CPU
		{BA1CDF0A-CDC7-4465-A1BF-D362739F2E8C}.Debug|Any CPU.Build.0 = Debug|Any CPU
		{BA1CDF0A-CDC7-4465-A1BF-D362739F2E8C}.Release|Any CPU.ActiveCfg = Release|Any CPU
		{BA1CDF0A-CDC7-4465-A1BF-D362739F2E8C}.Release|Any CPU.Build.0 = Release|Any CPU
		{A975D476-3B33-41BC-8243-1AFEDB9C4B5E}.Debug|Any CPU.ActiveCfg = Debug|Any CPU
		{A975D476-3B33-41BC-8243-1AFEDB9C4B5E}.Debug|Any CPU.Build.0 = Debug|Any CPU
		{A975D476-3B33-41BC-8243-1AFEDB9C4B5E}.Release|Any CPU.ActiveCfg = Release|Any CPU
		{A975D476-3B33-41BC-8243-1AFEDB9C4B5E}.Release|Any CPU.Build.0 = Release|Any CPU
	EndGlobalSection
	GlobalSection(NestedProjects) = preSolution
		{BA1CDF0A-CDC7-4465-A1BF-D362739F2E8C} = {57016F4A-5225-4255-A940-04079752B441}
		{A975D476-3B33-41BC-8243-1AFEDB9C4B5E} = {57016F4A-5225-4255-A940-04079752B441}
	EndGlobalSection
EndGlobal
