
Microsoft Visual Studio Solution File, Format Version 12.00
Project("{2150E333-8FDC-42A3-9474-1A3956D46DE8}") = "docker-compose", "docker-compose", "{1E4F0A56-9AFA-409A-8B71-8B0146AAD0D4}"
ProjectSection(SolutionItems) = preProject
	docker-compose-db.yaml = docker-compose-db.yaml
EndProjectSection
EndProject
Project("{2150E333-8FDC-42A3-9474-1A3956D46DE8}") = "Server", "Server", "{EB5D54C3-BDF4-4017-B425-9E5E18BE3324}"
EndProject
Project("{2150E333-8FDC-42A3-9474-1A3956D46DE8}") = "Clients", "Clients", "{B5528A6B-C641-4856-BFC9-7633C6F2F278}"
EndProject
Project("{FAE04EC0-301F-11D3-BF4B-00C04F79EFBC}") = "IdentityServer", "Server\IdentityServer\IdentityServer.csproj", "{CEAF1F09-2783-490B-99EC-C776E259B63D}"
EndProject
Project("{FAE04EC0-301F-11D3-BF4B-00C04F79EFBC}") = "IdentityServer.User", "Server\IdentityServer.User\IdentityServer.User.csproj", "{64FD8FAD-87A8-4BCC-88E7-263196767A2B}"
EndProject
Project("{FAE04EC0-301F-11D3-BF4B-00C04F79EFBC}") = "IdentityServer.App.React", "Server\IdentityServer.App.React\IdentityServer.App.React.csproj", "{C76365B0-77D4-4843-9671-24D1D28CFB78}"
EndProject
Project("{FAE04EC0-301F-11D3-BF4B-00C04F79EFBC}") = "IdentityServer.App.Api", "Server\IdentityServer.App.Api\IdentityServer.App.Api.csproj", "{FF0DF449-A5E1-47BD-B29B-5D825B1F17CF}"
EndProject
Project("{FAE04EC0-301F-11D3-BF4B-00C04F79EFBC}") = "IdentityServer.Client.Mvc", "Clients\IdentityServer.Client.Mvc\IdentityServer.Client.Mvc.csproj", "{4164B1E4-2D04-4ACD-B679-E6AE7F3446B6}"
EndProject
Global
	GlobalSection(SolutionConfigurationPlatforms) = preSolution
		Debug|Any CPU = Debug|Any CPU
		Release|Any CPU = Release|Any CPU
	EndGlobalSection
	GlobalSection(ProjectConfigurationPlatforms) = postSolution
		{CEAF1F09-2783-490B-99EC-C776E259B63D}.Debug|Any CPU.ActiveCfg = Debug|Any CPU
		{CEAF1F09-2783-490B-99EC-C776E259B63D}.Debug|Any CPU.Build.0 = Debug|Any CPU
		{CEAF1F09-2783-490B-99EC-C776E259B63D}.Release|Any CPU.ActiveCfg = Release|Any CPU
		{CEAF1F09-2783-490B-99EC-C776E259B63D}.Release|Any CPU.Build.0 = Release|Any CPU
		{64FD8FAD-87A8-4BCC-88E7-263196767A2B}.Debug|Any CPU.ActiveCfg = Debug|Any CPU
		{64FD8FAD-87A8-4BCC-88E7-263196767A2B}.Debug|Any CPU.Build.0 = Debug|Any CPU
		{64FD8FAD-87A8-4BCC-88E7-263196767A2B}.Release|Any CPU.ActiveCfg = Release|Any CPU
		{64FD8FAD-87A8-4BCC-88E7-263196767A2B}.Release|Any CPU.Build.0 = Release|Any CPU
		{C76365B0-77D4-4843-9671-24D1D28CFB78}.Debug|Any CPU.ActiveCfg = Debug|Any CPU
		{C76365B0-77D4-4843-9671-24D1D28CFB78}.Debug|Any CPU.Build.0 = Debug|Any CPU
		{C76365B0-77D4-4843-9671-24D1D28CFB78}.Release|Any CPU.ActiveCfg = Release|Any CPU
		{C76365B0-77D4-4843-9671-24D1D28CFB78}.Release|Any CPU.Build.0 = Release|Any CPU
		{FF0DF449-A5E1-47BD-B29B-5D825B1F17CF}.Debug|Any CPU.ActiveCfg = Debug|Any CPU
		{FF0DF449-A5E1-47BD-B29B-5D825B1F17CF}.Debug|Any CPU.Build.0 = Debug|Any CPU
		{FF0DF449-A5E1-47BD-B29B-5D825B1F17CF}.Release|Any CPU.ActiveCfg = Release|Any CPU
		{FF0DF449-A5E1-47BD-B29B-5D825B1F17CF}.Release|Any CPU.Build.0 = Release|Any CPU
		{4164B1E4-2D04-4ACD-B679-E6AE7F3446B6}.Debug|Any CPU.ActiveCfg = Debug|Any CPU
		{4164B1E4-2D04-4ACD-B679-E6AE7F3446B6}.Debug|Any CPU.Build.0 = Debug|Any CPU
		{4164B1E4-2D04-4ACD-B679-E6AE7F3446B6}.Release|Any CPU.ActiveCfg = Release|Any CPU
		{4164B1E4-2D04-4ACD-B679-E6AE7F3446B6}.Release|Any CPU.Build.0 = Release|Any CPU
	EndGlobalSection
	GlobalSection(NestedProjects) = preSolution
		{CEAF1F09-2783-490B-99EC-C776E259B63D} = {EB5D54C3-BDF4-4017-B425-9E5E18BE3324}
		{64FD8FAD-87A8-4BCC-88E7-263196767A2B} = {EB5D54C3-BDF4-4017-B425-9E5E18BE3324}
		{C76365B0-77D4-4843-9671-24D1D28CFB78} = {EB5D54C3-BDF4-4017-B425-9E5E18BE3324}
		{FF0DF449-A5E1-47BD-B29B-5D825B1F17CF} = {EB5D54C3-BDF4-4017-B425-9E5E18BE3324}
		{4164B1E4-2D04-4ACD-B679-E6AE7F3446B6} = {B5528A6B-C641-4856-BFC9-7633C6F2F278}
	EndGlobalSection
EndGlobal
